
Microsoft Visual Studio Solution File, Format Version 12.00
# Visual Studio Version 16
VisualStudioVersion = 16.0.30611.23
MinimumVisualStudioVersion = 10.0.40219.1
Project("{2150E333-8FDC-42A3-9474-1A3956D46DE8}") = "Domain", "Domain", "{5F4360E4-A5A0-4FCF-9638-2544F669A748}"
EndProject
Project("{9A19103F-16F7-4668-BE54-9A1E7A4F7556}") = "Domain.Entities", "Domain.Entities\Domain.Entities.csproj", "{A064D670-D24B-4AF5-A2CD-519BB59291EC}"
EndProject
Project("{9A19103F-16F7-4668-BE54-9A1E7A4F7556}") = "Domain.Persistance", "Domain.Persistance\Domain.Persistance.csproj", "{F18C8B09-CA70-48A9-A8D0-0476FDF8E25A}"
EndProject
Project("{2150E333-8FDC-42A3-9474-1A3956D46DE8}") = "Infrastructure", "Infrastructure", "{262E2C58-7834-439C-A2DB-3782E26A3A17}"
EndProject
Project("{9A19103F-16F7-4668-BE54-9A1E7A4F7556}") = "Infrastructure.IRepository", "Infrastructure.IRepository\Infrastructure.IRepository.csproj", "{90B749D4-8CE6-4A4F-94C0-E2E48B789715}"
EndProject
Project("{9A19103F-16F7-4668-BE54-9A1E7A4F7556}") = "Infrastructure.Repository", "Infrastructure.Repository\Infrastructure.Repository.csproj", "{786A21A9-4A11-4356-96C3-989688D2C393}"
EndProject
Project("{2150E333-8FDC-42A3-9474-1A3956D46DE8}") = "Service", "Service", "{64F26E7F-918A-4C14-A56C-CDA215E52812}"
EndProject
Project("{9A19103F-16F7-4668-BE54-9A1E7A4F7556}") = "Service.ViewModel", "Service.ViewModel\Service.ViewModel.csproj", "{7A951585-7EA5-45CB-A04E-4AAFB5CB3B3B}"
EndProject
Project("{9A19103F-16F7-4668-BE54-9A1E7A4F7556}") = "Service.Interface", "Service.Interface\Service.Interface.csproj", "{F9A59E1F-A27F-423E-A010-B995E6D49D10}"
EndProject
Project("{9A19103F-16F7-4668-BE54-9A1E7A4F7556}") = "Service.Implementation", "Service.Implementation\Service.Implementation.csproj", "{E86FE64C-F084-4A9F-B91A-19ABFFC9BD3F}"
EndProject
Project("{2150E333-8FDC-42A3-9474-1A3956D46DE8}") = "Presentation", "Presentation", "{8A78DD4F-765B-43D9-AFAA-60ECEFD63988}"
EndProject
Project("{FAE04EC0-301F-11D3-BF4B-00C04F79EFBC}") = "Presentation.Configration", "Presentation.Configration\Presentation.Configration.csproj", "{5F99088B-127E-486A-9FAF-2E608A408A4B}"
EndProject
Project("{FAE04EC0-301F-11D3-BF4B-00C04F79EFBC}") = "CandidateManagment.API", "CandidateManagment.API\CandidateManagment.API.csproj", "{D9FF3BB0-1269-4A02-97A8-970BA70E0A85}"
EndProject
Global
	GlobalSection(SolutionConfigurationPlatforms) = preSolution
		Debug|Any CPU = Debug|Any CPU
		Release|Any CPU = Release|Any CPU
	EndGlobalSection
	GlobalSection(ProjectConfigurationPlatforms) = postSolution
		{A064D670-D24B-4AF5-A2CD-519BB59291EC}.Debug|Any CPU.ActiveCfg = Debug|Any CPU
		{A064D670-D24B-4AF5-A2CD-519BB59291EC}.Debug|Any CPU.Build.0 = Debug|Any CPU
		{A064D670-D24B-4AF5-A2CD-519BB59291EC}.Release|Any CPU.ActiveCfg = Release|Any CPU
		{A064D670-D24B-4AF5-A2CD-519BB59291EC}.Release|Any CPU.Build.0 = Release|Any CPU
		{F18C8B09-CA70-48A9-A8D0-0476FDF8E25A}.Debug|Any CPU.ActiveCfg = Debug|Any CPU
		{F18C8B09-CA70-48A9-A8D0-0476FDF8E25A}.Debug|Any CPU.Build.0 = Debug|Any CPU
		{F18C8B09-CA70-48A9-A8D0-0476FDF8E25A}.Release|Any CPU.ActiveCfg = Release|Any CPU
		{F18C8B09-CA70-48A9-A8D0-0476FDF8E25A}.Release|Any CPU.Build.0 = Release|Any CPU
		{90B749D4-8CE6-4A4F-94C0-E2E48B789715}.Debug|Any CPU.ActiveCfg = Debug|Any CPU
		{90B749D4-8CE6-4A4F-94C0-E2E48B789715}.Debug|Any CPU.Build.0 = Debug|Any CPU
		{90B749D4-8CE6-4A4F-94C0-E2E48B789715}.Release|Any CPU.ActiveCfg = Release|Any CPU
		{90B749D4-8CE6-4A4F-94C0-E2E48B789715}.Release|Any CPU.Build.0 = Release|Any CPU
		{786A21A9-4A11-4356-96C3-989688D2C393}.Debug|Any CPU.ActiveCfg = Debug|Any CPU
		{786A21A9-4A11-4356-96C3-989688D2C393}.Debug|Any CPU.Build.0 = Debug|Any CPU
		{786A21A9-4A11-4356-96C3-989688D2C393}.Release|Any CPU.ActiveCfg = Release|Any CPU
		{786A21A9-4A11-4356-96C3-989688D2C393}.Release|Any CPU.Build.0 = Release|Any CPU
		{7A951585-7EA5-45CB-A04E-4AAFB5CB3B3B}.Debug|Any CPU.ActiveCfg = Debug|Any CPU
		{7A951585-7EA5-45CB-A04E-4AAFB5CB3B3B}.Debug|Any CPU.Build.0 = Debug|Any CPU
		{7A951585-7EA5-45CB-A04E-4AAFB5CB3B3B}.Release|Any CPU.ActiveCfg = Release|Any CPU
		{7A951585-7EA5-45CB-A04E-4AAFB5CB3B3B}.Release|Any CPU.Build.0 = Release|Any CPU
		{F9A59E1F-A27F-423E-A010-B995E6D49D10}.Debug|Any CPU.ActiveCfg = Debug|Any CPU
		{F9A59E1F-A27F-423E-A010-B995E6D49D10}.Debug|Any CPU.Build.0 = Debug|Any CPU
		{F9A59E1F-A27F-423E-A010-B995E6D49D10}.Release|Any CPU.ActiveCfg = Release|Any CPU
		{F9A59E1F-A27F-423E-A010-B995E6D49D10}.Release|Any CPU.Build.0 = Release|Any CPU
		{E86FE64C-F084-4A9F-B91A-19ABFFC9BD3F}.Debug|Any CPU.ActiveCfg = Debug|Any CPU
		{E86FE64C-F084-4A9F-B91A-19ABFFC9BD3F}.Debug|Any CPU.Build.0 = Debug|Any CPU
		{E86FE64C-F084-4A9F-B91A-19ABFFC9BD3F}.Release|Any CPU.ActiveCfg = Release|Any CPU
		{E86FE64C-F084-4A9F-B91A-19ABFFC9BD3F}.Release|Any CPU.Build.0 = Release|Any CPU
		{5F99088B-127E-486A-9FAF-2E608A408A4B}.Debug|Any CPU.ActiveCfg = Debug|Any CPU
		{5F99088B-127E-486A-9FAF-2E608A408A4B}.Debug|Any CPU.Build.0 = Debug|Any CPU
		{5F99088B-127E-486A-9FAF-2E608A408A4B}.Release|Any CPU.ActiveCfg = Release|Any CPU
		{5F99088B-127E-486A-9FAF-2E608A408A4B}.Release|Any CPU.Build.0 = Release|Any CPU
		{D9FF3BB0-1269-4A02-97A8-970BA70E0A85}.Debug|Any CPU.ActiveCfg = Debug|Any CPU
		{D9FF3BB0-1269-4A02-97A8-970BA70E0A85}.Debug|Any CPU.Build.0 = Debug|Any CPU
		{D9FF3BB0-1269-4A02-97A8-970BA70E0A85}.Release|Any CPU.ActiveCfg = Release|Any CPU
		{D9FF3BB0-1269-4A02-97A8-970BA70E0A85}.Release|Any CPU.Build.0 = Release|Any CPU
	EndGlobalSection
	GlobalSection(SolutionProperties) = preSolution
		HideSolutionNode = FALSE
	EndGlobalSection
	GlobalSection(NestedProjects) = preSolution
		{A064D670-D24B-4AF5-A2CD-519BB59291EC} = {5F4360E4-A5A0-4FCF-9638-2544F669A748}
		{F18C8B09-CA70-48A9-A8D0-0476FDF8E25A} = {5F4360E4-A5A0-4FCF-9638-2544F669A748}
		{90B749D4-8CE6-4A4F-94C0-E2E48B789715} = {262E2C58-7834-439C-A2DB-3782E26A3A17}
		{786A21A9-4A11-4356-96C3-989688D2C393} = {262E2C58-7834-439C-A2DB-3782E26A3A17}
		{7A951585-7EA5-45CB-A04E-4AAFB5CB3B3B} = {64F26E7F-918A-4C14-A56C-CDA215E52812}
		{F9A59E1F-A27F-423E-A010-B995E6D49D10} = {64F26E7F-918A-4C14-A56C-CDA215E52812}
		{E86FE64C-F084-4A9F-B91A-19ABFFC9BD3F} = {64F26E7F-918A-4C14-A56C-CDA215E52812}
		{5F99088B-127E-486A-9FAF-2E608A408A4B} = {8A78DD4F-765B-43D9-AFAA-60ECEFD63988}
		{D9FF3BB0-1269-4A02-97A8-970BA70E0A85} = {8A78DD4F-765B-43D9-AFAA-60ECEFD63988}
	EndGlobalSection
	GlobalSection(ExtensibilityGlobals) = postSolution
		SolutionGuid = {DAB08C6D-B0EE-448E-8188-D27247F753DC}
	EndGlobalSection
EndGlobal
